
Microsoft Visual Studio Solution File, Format Version 12.00
# Visual Studio Version 17
VisualStudioVersion = 17.3.32922.545
MinimumVisualStudioVersion = 10.0.40219.1
Project("{9A19103F-16F7-4668-BE54-9A1E7A4F7556}") = "ConsoleApp1", "ConsoleApp1\ConsoleApp1.csproj", "{AFA58488-8336-4A75-880F-7CA244BE3AEA}"
EndProject
Global
	GlobalSection(SolutionConfigurationPlatforms) = preSolution
		Debug|Any CPU = Debug|Any CPU
		Release|Any CPU = Release|Any CPU
	EndGlobalSection
	GlobalSection(ProjectConfigurationPlatforms) = postSolution
		{AFA58488-8336-4A75-880F-7CA244BE3AEA}.Debug|Any CPU.ActiveCfg = Debug|Any CPU
		{AFA58488-8336-4A75-880F-7CA244BE3AEA}.Debug|Any CPU.Build.0 = Debug|Any CPU
		{AFA58488-8336-4A75-880F-7CA244BE3AEA}.Release|Any CPU.ActiveCfg = Release|Any CPU
		{AFA58488-8336-4A75-880F-7CA244BE3AEA}.Release|Any CPU.Build.0 = Release|Any CPU
	EndGlobalSection
	GlobalSection(SolutionProperties) = preSolution
		HideSolutionNode = FALSE
	EndGlobalSection
	GlobalSection(ExtensibilityGlobals) = postSolution
		SolutionGuid = {BCE7A797-C7F3-4CB3-B87B-47F4514D801F}
	EndGlobalSection
EndGlobal
